
Microsoft Visual Studio Solution File, Format Version 12.00
# Visual Studio Version 17
VisualStudioVersion = 17.11.35327.3
MinimumVisualStudioVersion = 10.0.40219.1
Project("{888888A0-9F3D-457C-B088-3A5042F75D52}") = "№2(1) Python", "№2(1) Python\№2(1) Python.pyproj", "{4D600FEA-4B75-440F-A680-60481875D8E7}"
EndProject
Project("{888888A0-9F3D-457C-B088-3A5042F75D52}") = "mod", "mod\mod.pyproj", "{850782AF-A9E6-4BA3-B9AC-6A842473ADBB}"
EndProject
Global
	GlobalSection(SolutionConfigurationPlatforms) = preSolution
		Debug|Any CPU = Debug|Any CPU
		Release|Any CPU = Release|Any CPU
	EndGlobalSection
	GlobalSection(ProjectConfigurationPlatforms) = postSolution
		{4D600FEA-4B75-440F-A680-60481875D8E7}.Debug|Any CPU.ActiveCfg = Debug|Any CPU
		{4D600FEA-4B75-440F-A680-60481875D8E7}.Release|Any CPU.ActiveCfg = Release|Any CPU
		{850782AF-A9E6-4BA3-B9AC-6A842473ADBB}.Debug|Any CPU.ActiveCfg = Debug|Any CPU
		{850782AF-A9E6-4BA3-B9AC-6A842473ADBB}.Release|Any CPU.ActiveCfg = Release|Any CPU
	EndGlobalSection
	GlobalSection(SolutionProperties) = preSolution
		HideSolutionNode = FALSE
	EndGlobalSection
	GlobalSection(ExtensibilityGlobals) = postSolution
		SolutionGuid = {B4887D27-8D82-48B5-A648-6C1CC920719F}
	EndGlobalSection
EndGlobal
